// !$*UTF8*$!
{
	archiveVersion = 1;
	classes = {
	};
	objectVersion = 77;
	objects = {

/* Begin PBXBuildFile section */
		8431D3412F90724F009C7807 /* ContentView.swift in Sources */ = {isa = PBXBuildFile; fileRef = 8431D33E2F90724F009C7807 /* ContentView.swift */; };
		8431D3422F90724F009C7807 /* EconomicApp.swift in Sources */ = {isa = PBXBuildFile; fileRef = 8431D33F2F90724F009C7807 /* EconomicApp.swift */; };
		8431D3432F90724F009C7807 /* Assets.xcassets in Resources */ = {isa = PBXBuildFile; fileRef = 8431D33D2F90724F009C7807 /* Assets.xcassets */; };
		8431D3482F9072B1009C7807 /* Question.swift in Sources */ = {isa = PBXBuildFile; fileRef = 8431D3472F9072AB009C7807 /* Question.swift */; };
		8431D3502F9079CB009C7807 /* EconomicDetailView.swift in Sources */ = {isa = PBXBuildFile; fileRef = 8431D34F2F9079C2009C7807 /* EconomicDetailView.swift */; };
		8431D3522F907AF8009C7807 /* EconomicListView.swift in Sources */ = {isa = PBXBuildFile; fileRef = 8431D3512F907ADA009C7807 /* EconomicListView.swift */; };
		8431D3542F907BBA009C7807 /* ThingView.swift in Sources */ = {isa = PBXBuildFile; fileRef = 8431D3532F907BAD009C7807 /* ThingView.swift */; };
		8431D3562F907DE5009C7807 /* QuestionListViewModel.swift in Sources */ = {isa = PBXBuildFile; fileRef = 8431D3552F907DD9009C7807 /* QuestionListViewModel.swift */; };
		8431D3582F90B07F009C7807 /* HistoryView.swift in Sources */ = {isa = PBXBuildFile; fileRef = 8431D3572F90B079009C7807 /* HistoryView.swift */; };
		8431D35A2F90B0E1009C7807 /* PageView.swift in Sources */ = {isa = PBXBuildFile; fileRef = 8431D3592F90B0DB009C7807 /* PageView.swift */; };
		8431D3652F90B594009C7807 /* HistoryViewModel.swift in Sources */ = {isa = PBXBuildFile; fileRef = 8431D3642F90B58D009C7807 /* HistoryViewModel.swift */; };
/* End PBXBuildFile section */

/* Begin PBXFileReference section */
		8431D32F2F90723E009C7807 /* Economic.app */ = {isa = PBXFileReference; explicitFileType = wrapper.application; includeInIndex = 0; path = Economic.app; sourceTree = BUILT_PRODUCTS_DIR; };
		8431D33D2F90724F009C7807 /* Assets.xcassets */ = {isa = PBXFileReference; lastKnownFileType = folder.assetcatalog; path = Assets.xcassets; sourceTree = "<group>"; };
		8431D33E2F90724F009C7807 /* ContentView.swift */ = {isa = PBXFileReference; lastKnownFileType = sourcecode.swift; path = ContentView.swift; sourceTree = "<group>"; };
		8431D33F2F90724F009C7807 /* EconomicApp.swift */ = {isa = PBXFileReference; lastKnownFileType = sourcecode.swift; path = EconomicApp.swift; sourceTree = "<group>"; };
		8431D3472F9072AB009C7807 /* Question.swift */ = {isa = PBXFileReference; lastKnownFileType = sourcecode.swift; path = Question.swift; sourceTree = "<group>"; };
		8431D34F2F9079C2009C7807 /* EconomicDetailView.swift */ = {isa = PBXFileReference; lastKnownFileType = sourcecode.swift; path = EconomicDetailView.swift; sourceTree = "<group>"; };
		8431D3512F907ADA009C7807 /* EconomicListView.swift */ = {isa = PBXFileReference; lastKnownFileType = sourcecode.swift; path = EconomicListView.swift; sourceTree = "<group>"; };
		8431D3532F907BAD009C7807 /* ThingView.swift */ = {isa = PBXFileReference; lastKnownFileType = sourcecode.swift; path = ThingView.swift; sourceTree = "<group>"; };
		8431D3552F907DD9009C7807 /* QuestionListViewModel.swift */ = {isa = PBXFileReference; lastKnownFileType = sourcecode.swift; path = QuestionListViewModel.swift; sourceTree = "<group>"; };
		8431D3572F90B079009C7807 /* HistoryView.swift */ = {isa = PBXFileReference; lastKnownFileType = sourcecode.swift; path = HistoryView.swift; sourceTree = "<group>"; };
		8431D3592F90B0DB009C7807 /* PageView.swift */ = {isa = PBXFileReference; lastKnownFileType = sourcecode.swift; path = PageView.swift; sourceTree = "<group>"; };
		8431D3642F90B58D009C7807 /* HistoryViewModel.swift */ = {isa = PBXFileReference; lastKnownFileType = sourcecode.swift; path = HistoryViewModel.swift; sourceTree = "<group>"; };
/* End PBXFileReference section */

/* Begin PBXFrameworksBuildPhase section */
		8431D32C2F90723E009C7807 /* Frameworks */ = {
			isa = PBXFrameworksBuildPhase;
			buildActionMask = 2147483647;
			files = (
			);
			runOnlyForDeploymentPostprocessing = 0;
		};
/* End PBXFrameworksBuildPhase section */

/* Begin PBXGroup section */
		8431D3262F90723E009C7807 = {
			isa = PBXGroup;
			children = (
				8431D3402F90724F009C7807 /* Economic */,
				8431D3302F90723E009C7807 /* Products */,
			);
			sourceTree = "<group>";
		};
		8431D3302F90723E009C7807 /* Products */ = {
			isa = PBXGroup;
			children = (
				8431D32F2F90723E009C7807 /* Economic.app */,
			);
			name = Products;
			sourceTree = "<group>";
		};
		8431D3402F90724F009C7807 /* Economic */ = {
			isa = PBXGroup;
			children = (
				8431D3452F907286009C7807 /* View Model */,
				8431D3442F907280009C7807 /* Model */,
				8431D3462F907297009C7807 /* View */,
				8431D33D2F90724F009C7807 /* Assets.xcassets */,
				8431D33E2F90724F009C7807 /* ContentView.swift */,
				8431D33F2F90724F009C7807 /* EconomicApp.swift */,
			);
			path = Economic;
			sourceTree = "<group>";
		};
		8431D3442F907280009C7807 /* Model */ = {
			isa = PBXGroup;
			children = (
				8431D3472F9072AB009C7807 /* Question.swift */,
			);
			path = Model;
			sourceTree = "<group>";
		};
		8431D3452F907286009C7807 /* View Model */ = {
			isa = PBXGroup;
			children = (
				8431D3642F90B58D009C7807 /* HistoryViewModel.swift */,
				8431D3552F907DD9009C7807 /* QuestionListViewModel.swift */,
			);
			path = "View Model";
			sourceTree = "<group>";
		};
		8431D3462F907297009C7807 /* View */ = {
			isa = PBXGroup;
			children = (
				8431D3592F90B0DB009C7807 /* PageView.swift */,
				8431D3572F90B079009C7807 /* HistoryView.swift */,
				8431D3532F907BAD009C7807 /* ThingView.swift */,
				8431D3512F907ADA009C7807 /* EconomicListView.swift */,
				8431D34F2F9079C2009C7807 /* EconomicDetailView.swift */,
			);
			path = View;
			sourceTree = "<group>";
		};
/* End PBXGroup section */

/* Begin PBXNativeTarget section */
		8431D32E2F90723E009C7807 /* Economic */ = {
			isa = PBXNativeTarget;
			buildConfigurationList = 8431D33A2F907242009C7807 /* Build configuration list for PBXNativeTarget "Economic" */;
			buildPhases = (
				8431D32B2F90723E009C7807 /* Sources */,
				8431D32C2F90723E009C7807 /* Frameworks */,
				8431D32D2F90723E009C7807 /* Resources */,
			);
			buildRules = (
			);
			dependencies = (
			);
			name = Economic;
			packageProductDependencies = (
			);
			productName = Economic;
			productReference = 8431D32F2F90723E009C7807 /* Economic.app */;
			productType = "com.apple.product-type.application";
		};
/* End PBXNativeTarget section */

/* Begin PBXProject section */
		8431D3272F90723E009C7807 /* Project object */ = {
			isa = PBXProject;
			attributes = {
				BuildIndependentTargetsInParallel = 1;
				LastSwiftUpdateCheck = 2600;
				LastUpgradeCheck = 2600;
				TargetAttributes = {
					8431D32E2F90723E009C7807 = {
						CreatedOnToolsVersion = 26.0.1;
					};
				};
			};
			buildConfigurationList = 8431D32A2F90723E009C7807 /* Build configuration list for PBXProject "Economic" */;
			developmentRegion = en;
			hasScannedForEncodings = 0;
			knownRegions = (
				en,
				Base,
			);
			mainGroup = 8431D3262F90723E009C7807;
			minimizedProjectReferenceProxies = 1;
			preferredProjectObjectVersion = 77;
			productRefGroup = 8431D3302F90723E009C7807 /* Products */;
			projectDirPath = "";
			projectRoot = "";
			targets = (
				8431D32E2F90723E009C7807 /* Economic */,
			);
		};
/* End PBXProject section */

/* Begin PBXResourcesBuildPhase section */
		8431D32D2F90723E009C7807 /* Resources */ = {
			isa = PBXResourcesBuildPhase;
			buildActionMask = 2147483647;
			files = (
				8431D3432F90724F009C7807 /* Assets.xcassets in Resources */,
			);
			runOnlyForDeploymentPostprocessing = 0;
		};
/* End PBXResourcesBuildPhase section */

/* Begin PBXSourcesBuildPhase section */
		8431D32B2F90723E009C7807 /* Sources */ = {
			isa = PBXSourcesBuildPhase;
			buildActionMask = 2147483647;
			files = (
				8431D3562F907DE5009C7807 /* QuestionListViewModel.swift in Sources */,
				8431D3502F9079CB009C7807 /* EconomicDetailView.swift in Sources */,
				8431D3652F90B594009C7807 /* HistoryViewModel.swift in Sources */,
				8431D3582F90B07F009C7807 /* HistoryView.swift in Sources */,
				8431D3522F907AF8009C7807 /* EconomicListView.swift in Sources */,
				8431D3412F90724F009C7807 /* ContentView.swift in Sources */,
				8431D3542F907BBA009C7807 /* ThingView.swift in Sources */,
				8431D3422F90724F009C7807 /* EconomicApp.swift in Sources */,
				8431D35A2F90B0E1009C7807 /* PageView.swift in Sources */,
				8431D3482F9072B1009C7807 /* Question.swift in Sources */,
			);
			runOnlyForDeploymentPostprocessing = 0;
		};
/* End PBXSourcesBuildPhase section */

/* Begin XCBuildConfiguration section */
		8431D3382F907242009C7807 /* Debug */ = {
			isa = XCBuildConfiguration;
			buildSettings = {
				ALWAYS_SEARCH_USER_PATHS = NO;
				ASSETCATALOG_COMPILER_GENERATE_SWIFT_ASSET_SYMBOL_EXTENSIONS = YES;
				CLANG_ANALYZER_NONNULL = YES;
				CLANG_ANALYZER_NUMBER_OBJECT_CONVERSION = YES_AGGRESSIVE;
				CLANG_CXX_LANGUAGE_STANDARD = "gnu++20";
				CLANG_ENABLE_MODULES = YES;
				CLANG_ENABLE_OBJC_ARC = YES;
				CLANG_ENABLE_OBJC_WEAK = YES;
				CLANG_WARN_BLOCK_CAPTURE_AUTORELEASING = YES;
				CLANG_WARN_BOOL_CONVERSION = YES;
				CLANG_WARN_COMMA = YES;
				CLANG_WARN_CONSTANT_CONVERSION = YES;
				CLANG_WARN_DEPRECATED_OBJC_IMPLEMENTATIONS = YES;
				CLANG_WARN_DIRECT_OBJC_ISA_USAGE = YES_ERROR;
				CLANG_WARN_DOCUMENTATION_COMMENTS = YES;
				CLANG_WARN_EMPTY_BODY = YES;
				CLANG_WARN_ENUM_CONVERSION = YES;
				CLANG_WARN_INFINITE_RECURSION = YES;
				CLANG_WARN_INT_CONVERSION = YES;
				CLANG_WARN_NON_LITERAL_NULL_CONVERSION = YES;
				CLANG_WARN_OBJC_IMPLICIT_RETAIN_SELF = YES;
				CLANG_WARN_OBJC_LITERAL_CONVERSION = YES;
				CLANG_WARN_OBJC_ROOT_CLASS = YES_ERROR;
				CLANG_WARN_QUOTED_INCLUDE_IN_FRAMEWORK_HEADER = YES;
				CLANG_WARN_RANGE_LOOP_ANALYSIS = YES;
				CLANG_WARN_STRICT_PROTOTYPES = YES;
				CLANG_WARN_SUSPICIOUS_MOVE = YES;
				CLANG_WARN_UNGUARDED_AVAILABILITY = YES_AGGRESSIVE;
				CLANG_WARN_UNREACHABLE_CODE = YES;
				CLANG_WARN__DUPLICATE_METHOD_MATCH = YES;
				COPY_PHASE_STRIP = NO;
				DEBUG_INFORMATION_FORMAT = dwarf;
				DEVELOPMENT_TEAM = 4UG443984D;
				ENABLE_STRICT_OBJC_MSGSEND = YES;
				ENABLE_TESTABILITY = YES;
				ENABLE_USER_SCRIPT_SANDBOXING = YES;
				GCC_C_LANGUAGE_STANDARD = gnu17;
				GCC_DYNAMIC_NO_PIC = NO;
				GCC_NO_COMMON_BLOCKS = YES;
				GCC_OPTIMIZATION_LEVEL = 0;
				GCC_PREPROCESSOR_DEFINITIONS = (
					"DEBUG=1",
					"$(inherited)",
				);
				GCC_WARN_64_TO_32_BIT_CONVERSION = YES;
				GCC_WARN_ABOUT_RETURN_TYPE = YES_ERROR;
				GCC_WARN_UNDECLARED_SELECTOR = YES;
				GCC_WARN_UNINITIALIZED_AUTOS = YES_AGGRESSIVE;
				GCC_WARN_UNUSED_FUNCTION = YES;
				GCC_WARN_UNUSED_VARIABLE = YES;
				IPHONEOS_DEPLOYMENT_TARGET = 26.0;
				LOCALIZATION_PREFERS_STRING_CATALOGS = YES;
				MTL_ENABLE_DEBUG_INFO = INCLUDE_SOURCE;
				MTL_FAST_MATH = YES;
				ONLY_ACTIVE_ARCH = YES;
				SDKROOT = iphoneos;
				SWIFT_ACTIVE_COMPILATION_CONDITIONS = "DEBUG $(inherited)";
				SWIFT_OPTIMIZATION_LEVEL = "-Onone";
			};
			name = Debug;
		};
		8431D3392F907242009C7807 /* Release */ = {
			isa = XCBuildConfiguration;
			buildSettings = {
				ALWAYS_SEARCH_USER_PATHS = NO;
				ASSETCATALOG_COMPILER_GENERATE_SWIFT_ASSET_SYMBOL_EXTENSIONS = YES;
				CLANG_ANALYZER_NONNULL = YES;
				CLANG_ANALYZER_NUMBER_OBJECT_CONVERSION = YES_AGGRESSIVE;
				CLANG_CXX_LANGUAGE_STANDARD = "gnu++20";
				CLANG_ENABLE_MODULES = YES;
				CLANG_ENABLE_OBJC_ARC = YES;
				CLANG_ENABLE_OBJC_WEAK = YES;
				CLANG_WARN_BLOCK_CAPTURE_AUTORELEASING = YES;
				CLANG_WARN_BOOL_CONVERSION = YES;
				CLANG_WARN_COMMA = YES;
				CLANG_WARN_CONSTANT_CONVERSION = YES;
				CLANG_WARN_DEPRECATED_OBJC_IMPLEMENTATIONS = YES;
				CLANG_WARN_DIRECT_OBJC_ISA_USAGE = YES_ERROR;
				CLANG_WARN_DOCUMENTATION_COMMENTS = YES;
				CLANG_WARN_EMPTY_BODY = YES;
				CLANG_WARN_ENUM_CONVERSION = YES;
				CLANG_WARN_INFINITE_RECURSION = YES;
				CLANG_WARN_INT_CONVERSION = YES;
				CLANG_WARN_NON_LITERAL_NULL_CONVERSION = YES;
				CLANG_WARN_OBJC_IMPLICIT_RETAIN_SELF = YES;
				CLANG_WARN_OBJC_LITERAL_CONVERSION = YES;
				CLANG_WARN_OBJC_ROOT_CLASS = YES_ERROR;
				CLANG_WARN_QUOTED_INCLUDE_IN_FRAMEWORK_HEADER = YES;
				CLANG_WARN_RANGE_LOOP_ANALYSIS = YES;
				CLANG_WARN_STRICT_PROTOTYPES = YES;
				CLANG_WARN_SUSPICIOUS_MOVE = YES;
				CLANG_WARN_UNGUARDED_AVAILABILITY = YES_AGGRESSIVE;
				CLANG_WARN_UNREACHABLE_CODE = YES;
				CLANG_WARN__DUPLICATE_METHOD_MATCH = YES;
				COPY_PHASE_STRIP = NO;
				DEBUG_INFORMATION_FORMAT = "dwarf-with-dsym";
				DEVELOPMENT_TEAM = 4UG443984D;
				ENABLE_NS_ASSERTIONS = NO;
				ENABLE_STRICT_OBJC_MSGSEND = YES;
				ENABLE_USER_SCRIPT_SANDBOXING = YES;
				GCC_C_LANGUAGE_STANDARD = gnu17;
				GCC_NO_COMMON_BLOCKS = YES;
				GCC_WARN_64_TO_32_BIT_CONVERSION = YES;
				GCC_WARN_ABOUT_RETURN_TYPE = YES_ERROR;
				GCC_WARN_UNDECLARED_SELECTOR = YES;
				GCC_WARN_UNINITIALIZED_AUTOS = YES_AGGRESSIVE;
				GCC_WARN_UNUSED_FUNCTION = YES;
				GCC_WARN_UNUSED_VARIABLE = YES;
				IPHONEOS_DEPLOYMENT_TARGET = 26.0;
				LOCALIZATION_PREFERS_STRING_CATALOGS = YES;
				MTL_ENABLE_DEBUG_INFO = NO;
				MTL_FAST_MATH = YES;
				SDKROOT = iphoneos;
				SWIFT_COMPILATION_MODE = wholemodule;
				VALIDATE_PRODUCT = YES;
			};
			name = Release;
		};
		8431D33B2F907242009C7807 /* Debug */ = {
			isa = XCBuildConfiguration;
			buildSettings = {
				ASSETCATALOG_COMPILER_APPICON_NAME = AppIcon;
				ASSETCATALOG_COMPILER_GLOBAL_ACCENT_COLOR_NAME = AccentColor;
				CODE_SIGN_STYLE = Automatic;
				CURRENT_PROJECT_VERSION = 1;
				DEVELOPMENT_TEAM = 4UG443984D;
				ENABLE_PREVIEWS = YES;
				GENERATE_INFOPLIST_FILE = YES;
				INFOPLIST_KEY_UIApplicationSceneManifest_Generation = YES;
				INFOPLIST_KEY_UIApplicationSupportsIndirectInputEvents = YES;
				INFOPLIST_KEY_UILaunchScreen_Generation = YES;
				INFOPLIST_KEY_UISupportedInterfaceOrientations_iPad = "UIInterfaceOrientationPortrait UIInterfaceOrientationPortraitUpsideDown UIInterfaceOrientationLandscapeLeft UIInterfaceOrientationLandscapeRight";
				INFOPLIST_KEY_UISupportedInterfaceOrientations_iPhone = "UIInterfaceOrientationPortrait UIInterfaceOrientationLandscapeLeft UIInterfaceOrientationLandscapeRight";
				LD_RUNPATH_SEARCH_PATHS = (
					"$(inherited)",
					"@executable_path/Frameworks",
				);
				MARKETING_VERSION = 1.0;
				PRODUCT_BUNDLE_IDENTIFIER = ca.kevinchen.Economic;
				PRODUCT_NAME = "$(TARGET_NAME)";
				STRING_CATALOG_GENERATE_SYMBOLS = YES;
				SWIFT_APPROACHABLE_CONCURRENCY = YES;
				SWIFT_DEFAULT_ACTOR_ISOLATION = MainActor;
				SWIFT_EMIT_LOC_STRINGS = YES;
				SWIFT_UPCOMING_FEATURE_MEMBER_IMPORT_VISIBILITY = YES;
				SWIFT_VERSION = 5.0;
				TARGETED_DEVICE_FAMILY = "1,2";
			};
			name = Debug;
		};
		8431D33C2F907242009C7807 /* Release */ = {
			isa = XCBuildConfiguration;
			buildSettings = {
				ASSETCATALOG_COMPILER_APPICON_NAME = AppIcon;
				ASSETCATALOG_COMPILER_GLOBAL_ACCENT_COLOR_NAME = AccentColor;
				CODE_SIGN_STYLE = Automatic;
				CURRENT_PROJECT_VERSION = 1;
				DEVELOPMENT_TEAM = 4UG443984D;
				ENABLE_PREVIEWS = YES;
				GENERATE_INFOPLIST_FILE = YES;
				INFOPLIST_KEY_UIApplicationSceneManifest_Generation = YES;
				INFOPLIST_KEY_UIApplicationSupportsIndirectInputEvents = YES;
				INFOPLIST_KEY_UILaunchScreen_Generation = YES;
				INFOPLIST_KEY_UISupportedInterfaceOrientations_iPad = "UIInterfaceOrientationPortrait UIInterfaceOrientationPortraitUpsideDown UIInterfaceOrientationLandscapeLeft UIInterfaceOrientationLandscapeRight";
				INFOPLIST_KEY_UISupportedInterfaceOrientations_iPhone = "UIInterfaceOrientationPortrait UIInterfaceOrientationLandscapeLeft UIInterfaceOrientationLandscapeRight";
				LD_RUNPATH_SEARCH_PATHS = (
					"$(inherited)",
					"@executable_path/Frameworks",
				);
				MARKETING_VERSION = 1.0;
				PRODUCT_BUNDLE_IDENTIFIER = ca.kevinchen.Economic;
				PRODUCT_NAME = "$(TARGET_NAME)";
				STRING_CATALOG_GENERATE_SYMBOLS = YES;
				SWIFT_APPROACHABLE_CONCURRENCY = YES;
				SWIFT_DEFAULT_ACTOR_ISOLATION = MainActor;
				SWIFT_EMIT_LOC_STRINGS = YES;
				SWIFT_UPCOMING_FEATURE_MEMBER_IMPORT_VISIBILITY = YES;
				SWIFT_VERSION = 5.0;
				TARGETED_DEVICE_FAMILY = "1,2";
			};
			name = Release;
		};
/* End XCBuildConfiguration section */

/* Begin XCConfigurationList section */
		8431D32A2F90723E009C7807 /* Build configuration list for PBXProject "Economic" */ = {
			isa = XCConfigurationList;
			buildConfigurations = (
				8431D3382F907242009C7807 /* Debug */,
				8431D3392F907242009C7807 /* Release */,
			);
			defaultConfigurationIsVisible = 0;
			defaultConfigurationName = Release;
		};
		8431D33A2F907242009C7807 /* Build configuration list for PBXNativeTarget "Economic" */ = {
			isa = XCConfigurationList;
			buildConfigurations = (
				8431D33B2F907242009C7807 /* Debug */,
				8431D33C2F907242009C7807 /* Release */,
			);
			defaultConfigurationIsVisible = 0;
			defaultConfigurationName = Release;
		};
/* End XCConfigurationList section */
	};
	rootObject = 8431D3272F90723E009C7807 /* Project object */;
}
